// !$*UTF8*$!
{
	archiveVersion = 1;
	classes = {
	};
	objectVersion = 56;
	objects = {

/* Begin PBXBuildFile section */
		2A4D09C62AEFBF9E00452D22 /* AppDelegate.swift in Sources */ = {isa = PBXBuildFile; fileRef = 2A4D09C52AEFBF9E00452D22 /* AppDelegate.swift */; };
		2A4D09C82AEFBF9E00452D22 /* SceneDelegate.swift in Sources */ = {isa = PBXBuildFile; fileRef = 2A4D09C72AEFBF9E00452D22 /* SceneDelegate.swift */; };
		2A4D09CF2AEFBF9F00452D22 /* Assets.xcassets in Resources */ = {isa = PBXBuildFile; fileRef = 2A4D09CE2AEFBF9F00452D22 /* Assets.xcassets */; };
		2A4D09D22AEFBF9F00452D22 /* LaunchScreen.storyboard in Resources */ = {isa = PBXBuildFile; fileRef = 2A4D09D02AEFBF9F00452D22 /* LaunchScreen.storyboard */; };
		2A4D09DD2AEFBF9F00452D22 /* TwitterDemoTests.swift in Sources */ = {isa = PBXBuildFile; fileRef = 2A4D09DC2AEFBF9F00452D22 /* TwitterDemoTests.swift */; };
		2A4D09E72AEFBF9F00452D22 /* TwitterDemoUITests.swift in Sources */ = {isa = PBXBuildFile; fileRef = 2A4D09E62AEFBF9F00452D22 /* TwitterDemoUITests.swift */; };
		2A4D09E92AEFBF9F00452D22 /* TwitterDemoUITestsLaunchTests.swift in Sources */ = {isa = PBXBuildFile; fileRef = 2A4D09E82AEFBF9F00452D22 /* TwitterDemoUITestsLaunchTests.swift */; };
		2A4D0A0E2AEFFC0300452D22 /* BaseVC.swift in Sources */ = {isa = PBXBuildFile; fileRef = 2A4D0A0D2AEFFC0300452D22 /* BaseVC.swift */; };
		2ACB2C9E2AF0AF8400A2887E /* LoginValidationUnitTests.swift in Sources */ = {isa = PBXBuildFile; fileRef = 2ACB2C9D2AF0AF8400A2887E /* LoginValidationUnitTests.swift */; };
		2ACB2CB42AF0B04700A2887E /* Main.storyboard in Resources */ = {isa = PBXBuildFile; fileRef = 2ACB2CAA2AF0B04600A2887E /* Main.storyboard */; };
		2ACB2CB72AF0B06400A2887E /* LoginViewController.swift in Sources */ = {isa = PBXBuildFile; fileRef = 2ACB2CB62AF0B06400A2887E /* LoginViewController.swift */; };
		2ACB2CB92AF0C36F00A2887E /* LoginModel.swift in Sources */ = {isa = PBXBuildFile; fileRef = 2ACB2CB82AF0C36F00A2887E /* LoginModel.swift */; };
		2ACB2CBD2AF0C7C000A2887E /* LoginHandler.swift in Sources */ = {isa = PBXBuildFile; fileRef = 2ACB2CBC2AF0C7C000A2887E /* LoginHandler.swift */; };
		2ACB2CC02AF0C81200A2887E /* LoginApiResource.swift in Sources */ = {isa = PBXBuildFile; fileRef = 2ACB2CBF2AF0C81200A2887E /* LoginApiResource.swift */; };
		2ACB2CC52AF0C8B600A2887E /* ValidationResponse.swift in Sources */ = {isa = PBXBuildFile; fileRef = 2ACB2CC32AF0C8B600A2887E /* ValidationResponse.swift */; };
		2ACB2CC62AF0C8B600A2887E /* LoginValidation.swift in Sources */ = {isa = PBXBuildFile; fileRef = 2ACB2CC42AF0C8B600A2887E /* LoginValidation.swift */; };
		2ACB2CC92AF0C93E00A2887E /* StringExtensions.swift in Sources */ = {isa = PBXBuildFile; fileRef = 2ACB2CC82AF0C93E00A2887E /* StringExtensions.swift */; };
		2ACB2CD02AF0CEE700A2887E /* TextCell.xib in Resources */ = {isa = PBXBuildFile; fileRef = 2ACB2CCB2AF0CEE700A2887E /* TextCell.xib */; };
		2ACB2CD12AF0CEE700A2887E /* TextCell.swift in Sources */ = {isa = PBXBuildFile; fileRef = 2ACB2CCC2AF0CEE700A2887E /* TextCell.swift */; };
		2ACB2CD22AF0CEE700A2887E /* ImageCell.xib in Resources */ = {isa = PBXBuildFile; fileRef = 2ACB2CCD2AF0CEE700A2887E /* ImageCell.xib */; };
		2ACB2CD32AF0CEE700A2887E /* ImageCell.swift in Sources */ = {isa = PBXBuildFile; fileRef = 2ACB2CCE2AF0CEE700A2887E /* ImageCell.swift */; };
		2ACB2CD42AF0CEE700A2887E /* ViewController.swift in Sources */ = {isa = PBXBuildFile; fileRef = 2ACB2CCF2AF0CEE700A2887E /* ViewController.swift */; };
		49BA101A61578D15BCD9403B /* Pods_TwitterDemo_TwitterDemoUITests.framework in Frameworks */ = {isa = PBXBuildFile; fileRef = 3EBB8F745FF6B790301147A4 /* Pods_TwitterDemo_TwitterDemoUITests.framework */; };
		4D38FAA607CCC8DE48D61011 /* Pods_TwitterDemo.framework in Frameworks */ = {isa = PBXBuildFile; fileRef = E07846117F7520309B1645D1 /* Pods_TwitterDemo.framework */; };
		4FA3700C1B87F3C5FC72DB5A /* Pods_TwitterDemoTests.framework in Frameworks */ = {isa = PBXBuildFile; fileRef = 3928B5F1A6F40A71E97B01F4 /* Pods_TwitterDemoTests.framework */; };
/* End PBXBuildFile section */

/* Begin PBXContainerItemProxy section */
		2A4D09D92AEFBF9F00452D22 /* PBXContainerItemProxy */ = {
			isa = PBXContainerItemProxy;
			containerPortal = 2A4D09BA2AEFBF9E00452D22 /* Project object */;
			proxyType = 1;
			remoteGlobalIDString = 2A4D09C12AEFBF9E00452D22;
			remoteInfo = TwitterDemo;
		};
		2A4D09E32AEFBF9F00452D22 /* PBXContainerItemProxy */ = {
			isa = PBXContainerItemProxy;
			containerPortal = 2A4D09BA2AEFBF9E00452D22 /* Project object */;
			proxyType = 1;
			remoteGlobalIDString = 2A4D09C12AEFBF9E00452D22;
			remoteInfo = TwitterDemo;
		};
/* End PBXContainerItemProxy section */

/* Begin PBXFileReference section */
		00E0DFEB42C5749AD808DC2F /* Pods-TwitterDemo.debug.xcconfig */ = {isa = PBXFileReference; includeInIndex = 1; lastKnownFileType = text.xcconfig; name = "Pods-TwitterDemo.debug.xcconfig"; path = "Target Support Files/Pods-TwitterDemo/Pods-TwitterDemo.debug.xcconfig"; sourceTree = "<group>"; };
		03BC7DBCFA38D3FDC5C7EA76 /* Pods-TwitterDemo-TwitterDemoUITests.debug.xcconfig */ = {isa = PBXFileReference; includeInIndex = 1; lastKnownFileType = text.xcconfig; name = "Pods-TwitterDemo-TwitterDemoUITests.debug.xcconfig"; path = "Target Support Files/Pods-TwitterDemo-TwitterDemoUITests/Pods-TwitterDemo-TwitterDemoUITests.debug.xcconfig"; sourceTree = "<group>"; };
		17013D2D0E606494174451DF /* Pods-TwitterDemoTests.debug.xcconfig */ = {isa = PBXFileReference; includeInIndex = 1; lastKnownFileType = text.xcconfig; name = "Pods-TwitterDemoTests.debug.xcconfig"; path = "Target Support Files/Pods-TwitterDemoTests/Pods-TwitterDemoTests.debug.xcconfig"; sourceTree = "<group>"; };
		2A4D09C22AEFBF9E00452D22 /* TwitterDemo.app */ = {isa = PBXFileReference; explicitFileType = wrapper.application; includeInIndex = 0; path = TwitterDemo.app; sourceTree = BUILT_PRODUCTS_DIR; };
		2A4D09C52AEFBF9E00452D22 /* AppDelegate.swift */ = {isa = PBXFileReference; lastKnownFileType = sourcecode.swift; path = AppDelegate.swift; sourceTree = "<group>"; };
		2A4D09C72AEFBF9E00452D22 /* SceneDelegate.swift */ = {isa = PBXFileReference; lastKnownFileType = sourcecode.swift; path = SceneDelegate.swift; sourceTree = "<group>"; };
		2A4D09CE2AEFBF9F00452D22 /* Assets.xcassets */ = {isa = PBXFileReference; lastKnownFileType = folder.assetcatalog; path = Assets.xcassets; sourceTree = "<group>"; };
		2A4D09D12AEFBF9F00452D22 /* Base */ = {isa = PBXFileReference; lastKnownFileType = file.storyboard; name = Base; path = Base.lproj/LaunchScreen.storyboard; sourceTree = "<group>"; };
		2A4D09D32AEFBF9F00452D22 /* Info.plist */ = {isa = PBXFileReference; lastKnownFileType = text.plist.xml; path = Info.plist; sourceTree = "<group>"; };
		2A4D09D82AEFBF9F00452D22 /* TwitterDemoTests.xctest */ = {isa = PBXFileReference; explicitFileType = wrapper.cfbundle; includeInIndex = 0; path = TwitterDemoTests.xctest; sourceTree = BUILT_PRODUCTS_DIR; };
		2A4D09DC2AEFBF9F00452D22 /* TwitterDemoTests.swift */ = {isa = PBXFileReference; lastKnownFileType = sourcecode.swift; path = TwitterDemoTests.swift; sourceTree = "<group>"; };
		2A4D09E22AEFBF9F00452D22 /* TwitterDemoUITests.xctest */ = {isa = PBXFileReference; explicitFileType = wrapper.cfbundle; includeInIndex = 0; path = TwitterDemoUITests.xctest; sourceTree = BUILT_PRODUCTS_DIR; };
		2A4D09E62AEFBF9F00452D22 /* TwitterDemoUITests.swift */ = {isa = PBXFileReference; lastKnownFileType = sourcecode.swift; path = TwitterDemoUITests.swift; sourceTree = "<group>"; };
		2A4D09E82AEFBF9F00452D22 /* TwitterDemoUITestsLaunchTests.swift */ = {isa = PBXFileReference; lastKnownFileType = sourcecode.swift; path = TwitterDemoUITestsLaunchTests.swift; sourceTree = "<group>"; };
		2A4D0A0D2AEFFC0300452D22 /* BaseVC.swift */ = {isa = PBXFileReference; lastKnownFileType = sourcecode.swift; path = BaseVC.swift; sourceTree = "<group>"; };
		2ACB2C9D2AF0AF8400A2887E /* LoginValidationUnitTests.swift */ = {isa = PBXFileReference; lastKnownFileType = sourcecode.swift; path = LoginValidationUnitTests.swift; sourceTree = "<group>"; };
		2ACB2CAB2AF0B04600A2887E /* Base */ = {isa = PBXFileReference; lastKnownFileType = file.storyboard; name = Base; path = Base.lproj/Main.storyboard; sourceTree = "<group>"; };
		2ACB2CB62AF0B06400A2887E /* LoginViewController.swift */ = {isa = PBXFileReference; lastKnownFileType = sourcecode.swift; path = LoginViewController.swift; sourceTree = "<group>"; };
		2ACB2CB82AF0C36F00A2887E /* LoginModel.swift */ = {isa = PBXFileReference; lastKnownFileType = sourcecode.swift; path = LoginModel.swift; sourceTree = "<group>"; };
		2ACB2CBC2AF0C7C000A2887E /* LoginHandler.swift */ = {isa = PBXFileReference; fileEncoding = 4; lastKnownFileType = sourcecode.swift; path = LoginHandler.swift; sourceTree = "<group>"; };
		2ACB2CBF2AF0C81200A2887E /* LoginApiResource.swift */ = {isa = PBXFileReference; fileEncoding = 4; lastKnownFileType = sourcecode.swift; path = LoginApiResource.swift; sourceTree = "<group>"; };
		2ACB2CC32AF0C8B600A2887E /* ValidationResponse.swift */ = {isa = PBXFileReference; fileEncoding = 4; lastKnownFileType = sourcecode.swift; path = ValidationResponse.swift; sourceTree = "<group>"; };
		2ACB2CC42AF0C8B600A2887E /* LoginValidation.swift */ = {isa = PBXFileReference; fileEncoding = 4; lastKnownFileType = sourcecode.swift; path = LoginValidation.swift; sourceTree = "<group>"; };
		2ACB2CC82AF0C93E00A2887E /* StringExtensions.swift */ = {isa = PBXFileReference; fileEncoding = 4; lastKnownFileType = sourcecode.swift; path = StringExtensions.swift; sourceTree = "<group>"; };
		2ACB2CCB2AF0CEE700A2887E /* TextCell.xib */ = {isa = PBXFileReference; fileEncoding = 4; lastKnownFileType = file.xib; path = TextCell.xib; sourceTree = "<group>"; };
		2ACB2CCC2AF0CEE700A2887E /* TextCell.swift */ = {isa = PBXFileReference; fileEncoding = 4; lastKnownFileType = sourcecode.swift; path = TextCell.swift; sourceTree = "<group>"; };
		2ACB2CCD2AF0CEE700A2887E /* ImageCell.xib */ = {isa = PBXFileReference; fileEncoding = 4; lastKnownFileType = file.xib; path = ImageCell.xib; sourceTree = "<group>"; };
		2ACB2CCE2AF0CEE700A2887E /* ImageCell.swift */ = {isa = PBXFileReference; fileEncoding = 4; lastKnownFileType = sourcecode.swift; path = ImageCell.swift; sourceTree = "<group>"; };
		2ACB2CCF2AF0CEE700A2887E /* ViewController.swift */ = {isa = PBXFileReference; fileEncoding = 4; lastKnownFileType = sourcecode.swift; path = ViewController.swift; sourceTree = "<group>"; };
		3928B5F1A6F40A71E97B01F4 /* Pods_TwitterDemoTests.framework */ = {isa = PBXFileReference; explicitFileType = wrapper.framework; includeInIndex = 0; path = Pods_TwitterDemoTests.framework; sourceTree = BUILT_PRODUCTS_DIR; };
		3EBB8F745FF6B790301147A4 /* Pods_TwitterDemo_TwitterDemoUITests.framework */ = {isa = PBXFileReference; explicitFileType = wrapper.framework; includeInIndex = 0; path = Pods_TwitterDemo_TwitterDemoUITests.framework; sourceTree = BUILT_PRODUCTS_DIR; };
		4F7300440B4DF82CB48E06B4 /* Pods-TwitterDemo-TwitterDemoUITests.release.xcconfig */ = {isa = PBXFileReference; includeInIndex = 1; lastKnownFileType = text.xcconfig; name = "Pods-TwitterDemo-TwitterDemoUITests.release.xcconfig"; path = "Target Support Files/Pods-TwitterDemo-TwitterDemoUITests/Pods-TwitterDemo-TwitterDemoUITests.release.xcconfig"; sourceTree = "<group>"; };
		88709F7080A12E1065B88157 /* Pods-TwitterDemo.release.xcconfig */ = {isa = PBXFileReference; includeInIndex = 1; lastKnownFileType = text.xcconfig; name = "Pods-TwitterDemo.release.xcconfig"; path = "Target Support Files/Pods-TwitterDemo/Pods-TwitterDemo.release.xcconfig"; sourceTree = "<group>"; };
		E07846117F7520309B1645D1 /* Pods_TwitterDemo.framework */ = {isa = PBXFileReference; explicitFileType = wrapper.framework; includeInIndex = 0; path = Pods_TwitterDemo.framework; sourceTree = BUILT_PRODUCTS_DIR; };
		E830F35AD0D2B658FAEED15D /* Pods-TwitterDemoTests.release.xcconfig */ = {isa = PBXFileReference; includeInIndex = 1; lastKnownFileType = text.xcconfig; name = "Pods-TwitterDemoTests.release.xcconfig"; path = "Target Support Files/Pods-TwitterDemoTests/Pods-TwitterDemoTests.release.xcconfig"; sourceTree = "<group>"; };
/* End PBXFileReference section */

/* Begin PBXFrameworksBuildPhase section */
		2A4D09BF2AEFBF9E00452D22 /* Frameworks */ = {
			isa = PBXFrameworksBuildPhase;
			buildActionMask = 2147483647;
			files = (
				4D38FAA607CCC8DE48D61011 /* Pods_TwitterDemo.framework in Frameworks */,
			);
			runOnlyForDeploymentPostprocessing = 0;
		};
		2A4D09D52AEFBF9F00452D22 /* Frameworks */ = {
			isa = PBXFrameworksBuildPhase;
			buildActionMask = 2147483647;
			files = (
				4FA3700C1B87F3C5FC72DB5A /* Pods_TwitterDemoTests.framework in Frameworks */,
			);
			runOnlyForDeploymentPostprocessing = 0;
		};
		2A4D09DF2AEFBF9F00452D22 /* Frameworks */ = {
			isa = PBXFrameworksBuildPhase;
			buildActionMask = 2147483647;
			files = (
				49BA101A61578D15BCD9403B /* Pods_TwitterDemo_TwitterDemoUITests.framework in Frameworks */,
			);
			runOnlyForDeploymentPostprocessing = 0;
		};
/* End PBXFrameworksBuildPhase section */

/* Begin PBXGroup section */
		0824AFC15AA20D177E44D975 /* Frameworks */ = {
			isa = PBXGroup;
			children = (
				E07846117F7520309B1645D1 /* Pods_TwitterDemo.framework */,
				3EBB8F745FF6B790301147A4 /* Pods_TwitterDemo_TwitterDemoUITests.framework */,
				3928B5F1A6F40A71E97B01F4 /* Pods_TwitterDemoTests.framework */,
			);
			name = Frameworks;
			sourceTree = "<group>";
		};
		19B9CA0B59A200C1B209A72B /* Pods */ = {
			isa = PBXGroup;
			children = (
				00E0DFEB42C5749AD808DC2F /* Pods-TwitterDemo.debug.xcconfig */,
				88709F7080A12E1065B88157 /* Pods-TwitterDemo.release.xcconfig */,
				03BC7DBCFA38D3FDC5C7EA76 /* Pods-TwitterDemo-TwitterDemoUITests.debug.xcconfig */,
				4F7300440B4DF82CB48E06B4 /* Pods-TwitterDemo-TwitterDemoUITests.release.xcconfig */,
				17013D2D0E606494174451DF /* Pods-TwitterDemoTests.debug.xcconfig */,
				E830F35AD0D2B658FAEED15D /* Pods-TwitterDemoTests.release.xcconfig */,
			);
			path = Pods;
			sourceTree = "<group>";
		};
		2A4D09B92AEFBF9E00452D22 = {
			isa = PBXGroup;
			children = (
				2A4D09C42AEFBF9E00452D22 /* TwitterDemo */,
				2A4D09DB2AEFBF9F00452D22 /* TwitterDemoTests */,
				2A4D09E52AEFBF9F00452D22 /* TwitterDemoUITests */,
				2A4D09C32AEFBF9E00452D22 /* Products */,
				19B9CA0B59A200C1B209A72B /* Pods */,
				0824AFC15AA20D177E44D975 /* Frameworks */,
			);
			sourceTree = "<group>";
		};
		2A4D09C32AEFBF9E00452D22 /* Products */ = {
			isa = PBXGroup;
			children = (
				2A4D09C22AEFBF9E00452D22 /* TwitterDemo.app */,
				2A4D09D82AEFBF9F00452D22 /* TwitterDemoTests.xctest */,
				2A4D09E22AEFBF9F00452D22 /* TwitterDemoUITests.xctest */,
			);
			name = Products;
			sourceTree = "<group>";
		};
		2A4D09C42AEFBF9E00452D22 /* TwitterDemo */ = {
			isa = PBXGroup;
			children = (
				2A4D09F52AEFC64500452D22 /* LifeCycle */,
				2ACB2C9F2AF0AFDC00A2887E /* Login Module */,
				2A4D0A0C2AEFF52B00452D22 /* Helper */,
				2ACB2CBE2AF0C7FE00A2887E /* Networking */,
				2A4D09CE2AEFBF9F00452D22 /* Assets.xcassets */,
				2A4D09D02AEFBF9F00452D22 /* LaunchScreen.storyboard */,
				2A4D09D32AEFBF9F00452D22 /* Info.plist */,
			);
			path = TwitterDemo;
			sourceTree = "<group>";
		};
		2A4D09DB2AEFBF9F00452D22 /* TwitterDemoTests */ = {
			isa = PBXGroup;
			children = (
				2A4D09DC2AEFBF9F00452D22 /* TwitterDemoTests.swift */,
				2ACB2C9D2AF0AF8400A2887E /* LoginValidationUnitTests.swift */,
			);
			path = TwitterDemoTests;
			sourceTree = "<group>";
		};
		2A4D09E52AEFBF9F00452D22 /* TwitterDemoUITests */ = {
			isa = PBXGroup;
			children = (
				2A4D09E62AEFBF9F00452D22 /* TwitterDemoUITests.swift */,
				2A4D09E82AEFBF9F00452D22 /* TwitterDemoUITestsLaunchTests.swift */,
			);
			path = TwitterDemoUITests;
			sourceTree = "<group>";
		};
		2A4D09F52AEFC64500452D22 /* LifeCycle */ = {
			isa = PBXGroup;
			children = (
				2A4D09C52AEFBF9E00452D22 /* AppDelegate.swift */,
				2A4D09C72AEFBF9E00452D22 /* SceneDelegate.swift */,
			);
			path = LifeCycle;
			sourceTree = "<group>";
		};
		2A4D0A0C2AEFF52B00452D22 /* Helper */ = {
			isa = PBXGroup;
			children = (
				2ACB2CC72AF0C93E00A2887E /* Extensions */,
				2A4D0A0D2AEFFC0300452D22 /* BaseVC.swift */,
			);
			path = Helper;
			sourceTree = "<group>";
		};
		2ACB2C9F2AF0AFDC00A2887E /* Login Module */ = {
			isa = PBXGroup;
			children = (
				2ACB2CAC2AF0B04600A2887E /* Model */,
				2ACB2CA92AF0B04600A2887E /* Storyboard */,
				2ACB2CA02AF0B04600A2887E /* View */,
				2ACB2CA72AF0B04600A2887E /* ViewModel */,
			);
			path = "Login Module";
			sourceTree = "<group>";
		};
		2ACB2CA02AF0B04600A2887E /* View */ = {
			isa = PBXGroup;
			children = (
				2ACB2CB62AF0B06400A2887E /* LoginViewController.swift */,
				2ACB2CCA2AF0CEE700A2887E /* Cells */,
				2ACB2CCF2AF0CEE700A2887E /* ViewController.swift */,
			);
			path = View;
			sourceTree = "<group>";
		};
		2ACB2CA72AF0B04600A2887E /* ViewModel */ = {
			isa = PBXGroup;
			children = (
				2ACB2CBC2AF0C7C000A2887E /* LoginHandler.swift */,
			);
			path = ViewModel;
			sourceTree = "<group>";
		};
		2ACB2CA92AF0B04600A2887E /* Storyboard */ = {
			isa = PBXGroup;
			children = (
				2ACB2CAA2AF0B04600A2887E /* Main.storyboard */,
			);
			path = Storyboard;
			sourceTree = "<group>";
		};
		2ACB2CAC2AF0B04600A2887E /* Model */ = {
			isa = PBXGroup;
			children = (
				2ACB2CB82AF0C36F00A2887E /* LoginModel.swift */,
			);
			path = Model;
			sourceTree = "<group>";
		};
		2ACB2CBE2AF0C7FE00A2887E /* Networking */ = {
			isa = PBXGroup;
			children = (
				2ACB2CBF2AF0C81200A2887E /* LoginApiResource.swift */,
				2ACB2CC12AF0C8B600A2887E /* Validation */,
			);
			path = Networking;
			sourceTree = "<group>";
		};
		2ACB2CC12AF0C8B600A2887E /* Validation */ = {
			isa = PBXGroup;
			children = (
				2ACB2CC22AF0C8B600A2887E /* Response */,
				2ACB2CC42AF0C8B600A2887E /* LoginValidation.swift */,
			);
			path = Validation;
			sourceTree = "<group>";
		};
		2ACB2CC22AF0C8B600A2887E /* Response */ = {
			isa = PBXGroup;
			children = (
				2ACB2CC32AF0C8B600A2887E /* ValidationResponse.swift */,
			);
			path = Response;
			sourceTree = "<group>";
		};
		2ACB2CC72AF0C93E00A2887E /* Extensions */ = {
			isa = PBXGroup;
			children = (
				2ACB2CC82AF0C93E00A2887E /* StringExtensions.swift */,
			);
			path = Extensions;
			sourceTree = "<group>";
		};
		2ACB2CCA2AF0CEE700A2887E /* Cells */ = {
			isa = PBXGroup;
			children = (
				2ACB2CCB2AF0CEE700A2887E /* TextCell.xib */,
				2ACB2CCC2AF0CEE700A2887E /* TextCell.swift */,
				2ACB2CCD2AF0CEE700A2887E /* ImageCell.xib */,
				2ACB2CCE2AF0CEE700A2887E /* ImageCell.swift */,
			);
			path = Cells;
			sourceTree = "<group>";
		};
/* End PBXGroup section */

/* Begin PBXNativeTarget section */
		2A4D09C12AEFBF9E00452D22 /* TwitterDemo */ = {
			isa = PBXNativeTarget;
			buildConfigurationList = 2A4D09EC2AEFBF9F00452D22 /* Build configuration list for PBXNativeTarget "TwitterDemo" */;
			buildPhases = (
				7D8AA8141AACF1B155B4D0DB /* [CP] Check Pods Manifest.lock */,
				2ACB2CD52AF0DD2900A2887E /* ShellScript */,
				2A4D09BE2AEFBF9E00452D22 /* Sources */,
				2A4D09BF2AEFBF9E00452D22 /* Frameworks */,
				2A4D09C02AEFBF9E00452D22 /* Resources */,
			);
			buildRules = (
			);
			dependencies = (
			);
			name = TwitterDemo;
			productName = TwitterDemo;
			productReference = 2A4D09C22AEFBF9E00452D22 /* TwitterDemo.app */;
			productType = "com.apple.product-type.application";
		};
		2A4D09D72AEFBF9F00452D22 /* TwitterDemoTests */ = {
			isa = PBXNativeTarget;
			buildConfigurationList = 2A4D09EF2AEFBF9F00452D22 /* Build configuration list for PBXNativeTarget "TwitterDemoTests" */;
			buildPhases = (
				EF95D177BA14993FEB185FBF /* [CP] Check Pods Manifest.lock */,
				2A4D09D42AEFBF9F00452D22 /* Sources */,
				2A4D09D52AEFBF9F00452D22 /* Frameworks */,
				2A4D09D62AEFBF9F00452D22 /* Resources */,
			);
			buildRules = (
			);
			dependencies = (
				2A4D09DA2AEFBF9F00452D22 /* PBXTargetDependency */,
			);
			name = TwitterDemoTests;
			productName = TwitterDemoTests;
			productReference = 2A4D09D82AEFBF9F00452D22 /* TwitterDemoTests.xctest */;
			productType = "com.apple.product-type.bundle.unit-test";
		};
		2A4D09E12AEFBF9F00452D22 /* TwitterDemoUITests */ = {
			isa = PBXNativeTarget;
			buildConfigurationList = 2A4D09F22AEFBF9F00452D22 /* Build configuration list for PBXNativeTarget "TwitterDemoUITests" */;
			buildPhases = (
				86686D16D8A285798A8F6868 /* [CP] Check Pods Manifest.lock */,
				2A4D09DE2AEFBF9F00452D22 /* Sources */,
				2A4D09DF2AEFBF9F00452D22 /* Frameworks */,
				2A4D09E02AEFBF9F00452D22 /* Resources */,
			);
			buildRules = (
			);
			dependencies = (
				2A4D09E42AEFBF9F00452D22 /* PBXTargetDependency */,
			);
			name = TwitterDemoUITests;
			productName = TwitterDemoUITests;
			productReference = 2A4D09E22AEFBF9F00452D22 /* TwitterDemoUITests.xctest */;
			productType = "com.apple.product-type.bundle.ui-testing";
		};
/* End PBXNativeTarget section */

/* Begin PBXProject section */
		2A4D09BA2AEFBF9E00452D22 /* Project object */ = {
			isa = PBXProject;
			attributes = {
				BuildIndependentTargetsInParallel = 1;
				LastSwiftUpdateCheck = 1420;
				LastUpgradeCheck = 1420;
				TargetAttributes = {
					2A4D09C12AEFBF9E00452D22 = {
						CreatedOnToolsVersion = 14.2;
					};
					2A4D09D72AEFBF9F00452D22 = {
						CreatedOnToolsVersion = 14.2;
						TestTargetID = 2A4D09C12AEFBF9E00452D22;
					};
					2A4D09E12AEFBF9F00452D22 = {
						CreatedOnToolsVersion = 14.2;
						TestTargetID = 2A4D09C12AEFBF9E00452D22;
					};
				};
			};
			buildConfigurationList = 2A4D09BD2AEFBF9E00452D22 /* Build configuration list for PBXProject "TwitterDemo" */;
			compatibilityVersion = "Xcode 14.0";
			developmentRegion = en;
			hasScannedForEncodings = 0;
			knownRegions = (
				en,
				Base,
			);
			mainGroup = 2A4D09B92AEFBF9E00452D22;
			productRefGroup = 2A4D09C32AEFBF9E00452D22 /* Products */;
			projectDirPath = "";
			projectRoot = "";
			targets = (
				2A4D09C12AEFBF9E00452D22 /* TwitterDemo */,
				2A4D09D72AEFBF9F00452D22 /* TwitterDemoTests */,
				2A4D09E12AEFBF9F00452D22 /* TwitterDemoUITests */,
			);
		};
/* End PBXProject section */

/* Begin PBXResourcesBuildPhase section */
		2A4D09C02AEFBF9E00452D22 /* Resources */ = {
			isa = PBXResourcesBuildPhase;
			buildActionMask = 2147483647;
			files = (
				2A4D09D22AEFBF9F00452D22 /* LaunchScreen.storyboard in Resources */,
				2ACB2CB42AF0B04700A2887E /* Main.storyboard in Resources */,
				2ACB2CD02AF0CEE700A2887E /* TextCell.xib in Resources */,
				2ACB2CD22AF0CEE700A2887E /* ImageCell.xib in Resources */,
				2A4D09CF2AEFBF9F00452D22 /* Assets.xcassets in Resources */,
			);
			runOnlyForDeploymentPostprocessing = 0;
		};
		2A4D09D62AEFBF9F00452D22 /* Resources */ = {
			isa = PBXResourcesBuildPhase;
			buildActionMask = 2147483647;
			files = (
			);
			runOnlyForDeploymentPostprocessing = 0;
		};
		2A4D09E02AEFBF9F00452D22 /* Resources */ = {
			isa = PBXResourcesBuildPhase;
			buildActionMask = 2147483647;
			files = (
			);
			runOnlyForDeploymentPostprocessing = 0;
		};
/* End PBXResourcesBuildPhase section */

/* Begin PBXShellScriptBuildPhase section */
		2ACB2CD52AF0DD2900A2887E /* ShellScript */ = {
			isa = PBXShellScriptBuildPhase;
			buildActionMask = 2147483647;
			files = (
			);
			inputFileListPaths = (
			);
			inputPaths = (
			);
			outputFileListPaths = (
			);
			outputPaths = (
			);
			runOnlyForDeploymentPostprocessing = 0;
			shellPath = /bin/sh;
			shellScript = "\"${PODS_ROOT}/SwiftLint/swiftlint\"\n";
		};
		7D8AA8141AACF1B155B4D0DB /* [CP] Check Pods Manifest.lock */ = {
			isa = PBXShellScriptBuildPhase;
			buildActionMask = 2147483647;
			files = (
			);
			inputFileListPaths = (
			);
			inputPaths = (
				"${PODS_PODFILE_DIR_PATH}/Podfile.lock",
				"${PODS_ROOT}/Manifest.lock",
			);
			name = "[CP] Check Pods Manifest.lock";
			outputFileListPaths = (
			);
			outputPaths = (
				"$(DERIVED_FILE_DIR)/Pods-TwitterDemo-checkManifestLockResult.txt",
			);
			runOnlyForDeploymentPostprocessing = 0;
			shellPath = /bin/sh;
			shellScript = "diff \"${PODS_PODFILE_DIR_PATH}/Podfile.lock\" \"${PODS_ROOT}/Manifest.lock\" > /dev/null\nif [ $? != 0 ] ; then\n    # print error to STDERR\n    echo \"error: The sandbox is not in sync with the Podfile.lock. Run 'pod install' or update your CocoaPods installation.\" >&2\n    exit 1\nfi\n# This output is used by Xcode 'outputs' to avoid re-running this script phase.\necho \"SUCCESS\" > \"${SCRIPT_OUTPUT_FILE_0}\"\n";
			showEnvVarsInLog = 0;
		};
		86686D16D8A285798A8F6868 /* [CP] Check Pods Manifest.lock */ = {
			isa = PBXShellScriptBuildPhase;
			buildActionMask = 2147483647;
			files = (
			);
			inputFileListPaths = (
			);
			inputPaths = (
				"${PODS_PODFILE_DIR_PATH}/Podfile.lock",
				"${PODS_ROOT}/Manifest.lock",
			);
			name = "[CP] Check Pods Manifest.lock";
			outputFileListPaths = (
			);
			outputPaths = (
				"$(DERIVED_FILE_DIR)/Pods-TwitterDemo-TwitterDemoUITests-checkManifestLockResult.txt",
			);
			runOnlyForDeploymentPostprocessing = 0;
			shellPath = /bin/sh;
			shellScript = "diff \"${PODS_PODFILE_DIR_PATH}/Podfile.lock\" \"${PODS_ROOT}/Manifest.lock\" > /dev/null\nif [ $? != 0 ] ; then\n    # print error to STDERR\n    echo \"error: The sandbox is not in sync with the Podfile.lock. Run 'pod install' or update your CocoaPods installation.\" >&2\n    exit 1\nfi\n# This output is used by Xcode 'outputs' to avoid re-running this script phase.\necho \"SUCCESS\" > \"${SCRIPT_OUTPUT_FILE_0}\"\n";
			showEnvVarsInLog = 0;
		};
		EF95D177BA14993FEB185FBF /* [CP] Check Pods Manifest.lock */ = {
			isa = PBXShellScriptBuildPhase;
			buildActionMask = 2147483647;
			files = (
			);
			inputFileListPaths = (
			);
			inputPaths = (
				"${PODS_PODFILE_DIR_PATH}/Podfile.lock",
				"${PODS_ROOT}/Manifest.lock",
			);
			name = "[CP] Check Pods Manifest.lock";
			outputFileListPaths = (
			);
			outputPaths = (
				"$(DERIVED_FILE_DIR)/Pods-TwitterDemoTests-checkManifestLockResult.txt",
			);
			runOnlyForDeploymentPostprocessing = 0;
			shellPath = /bin/sh;
			shellScript = "diff \"${PODS_PODFILE_DIR_PATH}/Podfile.lock\" \"${PODS_ROOT}/Manifest.lock\" > /dev/null\nif [ $? != 0 ] ; then\n    # print error to STDERR\n    echo \"error: The sandbox is not in sync with the Podfile.lock. Run 'pod install' or update your CocoaPods installation.\" >&2\n    exit 1\nfi\n# This output is used by Xcode 'outputs' to avoid re-running this script phase.\necho \"SUCCESS\" > \"${SCRIPT_OUTPUT_FILE_0}\"\n";
			showEnvVarsInLog = 0;
		};
/* End PBXShellScriptBuildPhase section */

/* Begin PBXSourcesBuildPhase section */
		2A4D09BE2AEFBF9E00452D22 /* Sources */ = {
			isa = PBXSourcesBuildPhase;
			buildActionMask = 2147483647;
			files = (
				2ACB2CBD2AF0C7C000A2887E /* LoginHandler.swift in Sources */,
				2ACB2CC52AF0C8B600A2887E /* ValidationResponse.swift in Sources */,
				2ACB2CC02AF0C81200A2887E /* LoginApiResource.swift in Sources */,
				2ACB2CB92AF0C36F00A2887E /* LoginModel.swift in Sources */,
				2A4D09C62AEFBF9E00452D22 /* AppDelegate.swift in Sources */,
				2ACB2CD32AF0CEE700A2887E /* ImageCell.swift in Sources */,
				2ACB2CC62AF0C8B600A2887E /* LoginValidation.swift in Sources */,
				2A4D0A0E2AEFFC0300452D22 /* BaseVC.swift in Sources */,
				2ACB2CD42AF0CEE700A2887E /* ViewController.swift in Sources */,
				2ACB2CC92AF0C93E00A2887E /* StringExtensions.swift in Sources */,
				2A4D09C82AEFBF9E00452D22 /* SceneDelegate.swift in Sources */,
				2ACB2CB72AF0B06400A2887E /* LoginViewController.swift in Sources */,
				2ACB2CD12AF0CEE700A2887E /* TextCell.swift in Sources */,
			);
			runOnlyForDeploymentPostprocessing = 0;
		};
		2A4D09D42AEFBF9F00452D22 /* Sources */ = {
			isa = PBXSourcesBuildPhase;
			buildActionMask = 2147483647;
			files = (
				2ACB2C9E2AF0AF8400A2887E /* LoginValidationUnitTests.swift in Sources */,
				2A4D09DD2AEFBF9F00452D22 /* TwitterDemoTests.swift in Sources */,
			);
			runOnlyForDeploymentPostprocessing = 0;
		};
		2A4D09DE2AEFBF9F00452D22 /* Sources */ = {
			isa = PBXSourcesBuildPhase;
			buildActionMask = 2147483647;
			files = (
				2A4D09E72AEFBF9F00452D22 /* TwitterDemoUITests.swift in Sources */,
				2A4D09E92AEFBF9F00452D22 /* TwitterDemoUITestsLaunchTests.swift in Sources */,
			);
			runOnlyForDeploymentPostprocessing = 0;
		};
/* End PBXSourcesBuildPhase section */

/* Begin PBXTargetDependency section */
		2A4D09DA2AEFBF9F00452D22 /* PBXTargetDependency */ = {
			isa = PBXTargetDependency;
			target = 2A4D09C12AEFBF9E00452D22 /* TwitterDemo */;
			targetProxy = 2A4D09D92AEFBF9F00452D22 /* PBXContainerItemProxy */;
		};
		2A4D09E42AEFBF9F00452D22 /* PBXTargetDependency */ = {
			isa = PBXTargetDependency;
			target = 2A4D09C12AEFBF9E00452D22 /* TwitterDemo */;
			targetProxy = 2A4D09E32AEFBF9F00452D22 /* PBXContainerItemProxy */;
		};
/* End PBXTargetDependency section */

/* Begin PBXVariantGroup section */
		2A4D09D02AEFBF9F00452D22 /* LaunchScreen.storyboard */ = {
			isa = PBXVariantGroup;
			children = (
				2A4D09D12AEFBF9F00452D22 /* Base */,
			);
			name = LaunchScreen.storyboard;
			sourceTree = "<group>";
		};
		2ACB2CAA2AF0B04600A2887E /* Main.storyboard */ = {
			isa = PBXVariantGroup;
			children = (
				2ACB2CAB2AF0B04600A2887E /* Base */,
			);
			name = Main.storyboard;
			sourceTree = "<group>";
		};
/* End PBXVariantGroup section */

/* Begin XCBuildConfiguration section */
		2A4D09EA2AEFBF9F00452D22 /* Debug */ = {
			isa = XCBuildConfiguration;
			buildSettings = {
				ALWAYS_SEARCH_USER_PATHS = NO;
				CLANG_ANALYZER_NONNULL = YES;
				CLANG_ANALYZER_NUMBER_OBJECT_CONVERSION = YES_AGGRESSIVE;
				CLANG_CXX_LANGUAGE_STANDARD = "gnu++20";
				CLANG_ENABLE_MODULES = YES;
				CLANG_ENABLE_OBJC_ARC = YES;
				CLANG_ENABLE_OBJC_WEAK = YES;
				CLANG_WARN_BLOCK_CAPTURE_AUTORELEASING = YES;
				CLANG_WARN_BOOL_CONVERSION = YES;
				CLANG_WARN_COMMA = YES;
				CLANG_WARN_CONSTANT_CONVERSION = YES;
				CLANG_WARN_DEPRECATED_OBJC_IMPLEMENTATIONS = YES;
				CLANG_WARN_DIRECT_OBJC_ISA_USAGE = YES_ERROR;
				CLANG_WARN_DOCUMENTATION_COMMENTS = YES;
				CLANG_WARN_EMPTY_BODY = YES;
				CLANG_WARN_ENUM_CONVERSION = YES;
				CLANG_WARN_INFINITE_RECURSION = YES;
				CLANG_WARN_INT_CONVERSION = YES;
				CLANG_WARN_NON_LITERAL_NULL_CONVERSION = YES;
				CLANG_WARN_OBJC_IMPLICIT_RETAIN_SELF = YES;
				CLANG_WARN_OBJC_LITERAL_CONVERSION = YES;
				CLANG_WARN_OBJC_ROOT_CLASS = YES_ERROR;
				CLANG_WARN_QUOTED_INCLUDE_IN_FRAMEWORK_HEADER = YES;
				CLANG_WARN_RANGE_LOOP_ANALYSIS = YES;
				CLANG_WARN_STRICT_PROTOTYPES = YES;
				CLANG_WARN_SUSPICIOUS_MOVE = YES;
				CLANG_WARN_UNGUARDED_AVAILABILITY = YES_AGGRESSIVE;
				CLANG_WARN_UNREACHABLE_CODE = YES;
				CLANG_WARN__DUPLICATE_METHOD_MATCH = YES;
				COPY_PHASE_STRIP = NO;
				DEBUG_INFORMATION_FORMAT = dwarf;
				ENABLE_STRICT_OBJC_MSGSEND = YES;
				ENABLE_TESTABILITY = YES;
				GCC_C_LANGUAGE_STANDARD = gnu11;
				GCC_DYNAMIC_NO_PIC = NO;
				GCC_NO_COMMON_BLOCKS = YES;
				GCC_OPTIMIZATION_LEVEL = 0;
				GCC_PREPROCESSOR_DEFINITIONS = (
					"DEBUG=1",
					"$(inherited)",
				);
				GCC_WARN_64_TO_32_BIT_CONVERSION = YES;
				GCC_WARN_ABOUT_RETURN_TYPE = YES_ERROR;
				GCC_WARN_UNDECLARED_SELECTOR = YES;
				GCC_WARN_UNINITIALIZED_AUTOS = YES_AGGRESSIVE;
				GCC_WARN_UNUSED_FUNCTION = YES;
				GCC_WARN_UNUSED_VARIABLE = YES;
				IPHONEOS_DEPLOYMENT_TARGET = 16.2;
				MTL_ENABLE_DEBUG_INFO = INCLUDE_SOURCE;
				MTL_FAST_MATH = YES;
				ONLY_ACTIVE_ARCH = YES;
				SDKROOT = iphoneos;
				SWIFT_ACTIVE_COMPILATION_CONDITIONS = DEBUG;
				SWIFT_OPTIMIZATION_LEVEL = "-Onone";
			};
			name = Debug;
		};
		2A4D09EB2AEFBF9F00452D22 /* Release */ = {
			isa = XCBuildConfiguration;
			buildSettings = {
				ALWAYS_SEARCH_USER_PATHS = NO;
				CLANG_ANALYZER_NONNULL = YES;
				CLANG_ANALYZER_NUMBER_OBJECT_CONVERSION = YES_AGGRESSIVE;
				CLANG_CXX_LANGUAGE_STANDARD = "gnu++20";
				CLANG_ENABLE_MODULES = YES;
				CLANG_ENABLE_OBJC_ARC = YES;
				CLANG_ENABLE_OBJC_WEAK = YES;
				CLANG_WARN_BLOCK_CAPTURE_AUTORELEASING = YES;
				CLANG_WARN_BOOL_CONVERSION = YES;
				CLANG_WARN_COMMA = YES;
				CLANG_WARN_CONSTANT_CONVERSION = YES;
				CLANG_WARN_DEPRECATED_OBJC_IMPLEMENTATIONS = YES;
				CLANG_WARN_DIRECT_OBJC_ISA_USAGE = YES_ERROR;
				CLANG_WARN_DOCUMENTATION_COMMENTS = YES;
				CLANG_WARN_EMPTY_BODY = YES;
				CLANG_WARN_ENUM_CONVERSION = YES;
				CLANG_WARN_INFINITE_RECURSION = YES;
				CLANG_WARN_INT_CONVERSION = YES;
				CLANG_WARN_NON_LITERAL_NULL_CONVERSION = YES;
				CLANG_WARN_OBJC_IMPLICIT_RETAIN_SELF = YES;
				CLANG_WARN_OBJC_LITERAL_CONVERSION = YES;
				CLANG_WARN_OBJC_ROOT_CLASS = YES_ERROR;
				CLANG_WARN_QUOTED_INCLUDE_IN_FRAMEWORK_HEADER = YES;
				CLANG_WARN_RANGE_LOOP_ANALYSIS = YES;
				CLANG_WARN_STRICT_PROTOTYPES = YES;
				CLANG_WARN_SUSPICIOUS_MOVE = YES;
				CLANG_WARN_UNGUARDED_AVAILABILITY = YES_AGGRESSIVE;
				CLANG_WARN_UNREACHABLE_CODE = YES;
				CLANG_WARN__DUPLICATE_METHOD_MATCH = YES;
				COPY_PHASE_STRIP = NO;
				DEBUG_INFORMATION_FORMAT = "dwarf-with-dsym";
				ENABLE_NS_ASSERTIONS = NO;
				ENABLE_STRICT_OBJC_MSGSEND = YES;
				GCC_C_LANGUAGE_STANDARD = gnu11;
				GCC_NO_COMMON_BLOCKS = YES;
				GCC_WARN_64_TO_32_BIT_CONVERSION = YES;
				GCC_WARN_ABOUT_RETURN_TYPE = YES_ERROR;
				GCC_WARN_UNDECLARED_SELECTOR = YES;
				GCC_WARN_UNINITIALIZED_AUTOS = YES_AGGRESSIVE;
				GCC_WARN_UNUSED_FUNCTION = YES;
				GCC_WARN_UNUSED_VARIABLE = YES;
				IPHONEOS_DEPLOYMENT_TARGET = 16.2;
				MTL_ENABLE_DEBUG_INFO = NO;
				MTL_FAST_MATH = YES;
				SDKROOT = iphoneos;
				SWIFT_COMPILATION_MODE = wholemodule;
				SWIFT_OPTIMIZATION_LEVEL = "-O";
				VALIDATE_PRODUCT = YES;
			};
			name = Release;
		};
		2A4D09ED2AEFBF9F00452D22 /* Debug */ = {
			isa = XCBuildConfiguration;
			baseConfigurationReference = 00E0DFEB42C5749AD808DC2F /* Pods-TwitterDemo.debug.xcconfig */;
			buildSettings = {
				ASSETCATALOG_COMPILER_APPICON_NAME = AppIcon;
				ASSETCATALOG_COMPILER_GLOBAL_ACCENT_COLOR_NAME = AccentColor;
				CODE_SIGN_STYLE = Automatic;
				CURRENT_PROJECT_VERSION = 1;
				DEVELOPMENT_TEAM = RWLMH57KL5;
				GENERATE_INFOPLIST_FILE = YES;
				INFOPLIST_FILE = TwitterDemo/Info.plist;
				INFOPLIST_KEY_UIApplicationSupportsIndirectInputEvents = YES;
				INFOPLIST_KEY_UILaunchStoryboardName = LaunchScreen;
				INFOPLIST_KEY_UIMainStoryboardFile = Main;
				INFOPLIST_KEY_UISupportedInterfaceOrientations_iPad = "UIInterfaceOrientationPortrait UIInterfaceOrientationPortraitUpsideDown UIInterfaceOrientationLandscapeLeft UIInterfaceOrientationLandscapeRight";
				INFOPLIST_KEY_UISupportedInterfaceOrientations_iPhone = "UIInterfaceOrientationPortrait UIInterfaceOrientationLandscapeLeft UIInterfaceOrientationLandscapeRight";
				LD_RUNPATH_SEARCH_PATHS = (
					"$(inherited)",
					"@executable_path/Frameworks",
				);
				MARKETING_VERSION = 1.0;
				PRODUCT_BUNDLE_IDENTIFIER = com.demo.TwitterDemo;
				PRODUCT_NAME = "$(TARGET_NAME)";
				SWIFT_EMIT_LOC_STRINGS = YES;
				SWIFT_VERSION = 5.0;
				TARGETED_DEVICE_FAMILY = "1,2";
			};
			name = Debug;
		};
		2A4D09EE2AEFBF9F00452D22 /* Release */ = {
			isa = XCBuildConfiguration;
			baseConfigurationReference = 88709F7080A12E1065B88157 /* Pods-TwitterDemo.release.xcconfig */;
			buildSettings = {
				ASSETCATALOG_COMPILER_APPICON_NAME = AppIcon;
				ASSETCATALOG_COMPILER_GLOBAL_ACCENT_COLOR_NAME = AccentColor;
				CODE_SIGN_STYLE = Automatic;
				CURRENT_PROJECT_VERSION = 1;
				DEVELOPMENT_TEAM = RWLMH57KL5;
				GENERATE_INFOPLIST_FILE = YES;
				INFOPLIST_FILE = TwitterDemo/Info.plist;
				INFOPLIST_KEY_UIApplicationSupportsIndirectInputEvents = YES;
				INFOPLIST_KEY_UILaunchStoryboardName = LaunchScreen;
				INFOPLIST_KEY_UIMainStoryboardFile = Main;
				INFOPLIST_KEY_UISupportedInterfaceOrientations_iPad = "UIInterfaceOrientationPortrait UIInterfaceOrientationPortraitUpsideDown UIInterfaceOrientationLandscapeLeft UIInterfaceOrientationLandscapeRight";
				INFOPLIST_KEY_UISupportedInterfaceOrientations_iPhone = "UIInterfaceOrientationPortrait UIInterfaceOrientationLandscapeLeft UIInterfaceOrientationLandscapeRight";
				LD_RUNPATH_SEARCH_PATHS = (
					"$(inherited)",
					"@executable_path/Frameworks",
				);
				MARKETING_VERSION = 1.0;
				PRODUCT_BUNDLE_IDENTIFIER = com.demo.TwitterDemo;
				PRODUCT_NAME = "$(TARGET_NAME)";
				SWIFT_EMIT_LOC_STRINGS = YES;
				SWIFT_VERSION = 5.0;
				TARGETED_DEVICE_FAMILY = "1,2";
			};
			name = Release;
		};
		2A4D09F02AEFBF9F00452D22 /* Debug */ = {
			isa = XCBuildConfiguration;
			baseConfigurationReference = 17013D2D0E606494174451DF /* Pods-TwitterDemoTests.debug.xcconfig */;
			buildSettings = {
				ALWAYS_EMBED_SWIFT_STANDARD_LIBRARIES = YES;
				BUNDLE_LOADER = "$(TEST_HOST)";
				CODE_SIGN_STYLE = Automatic;
				CURRENT_PROJECT_VERSION = 1;
				DEVELOPMENT_TEAM = RWLMH57KL5;
				GENERATE_INFOPLIST_FILE = YES;
				IPHONEOS_DEPLOYMENT_TARGET = 16.2;
				MARKETING_VERSION = 1.0;
				PRODUCT_BUNDLE_IDENTIFIER = com.demo.TwitterDemoTests;
				PRODUCT_NAME = "$(TARGET_NAME)";
				SWIFT_EMIT_LOC_STRINGS = NO;
				SWIFT_VERSION = 5.0;
				TARGETED_DEVICE_FAMILY = "1,2";
				TEST_HOST = "$(BUILT_PRODUCTS_DIR)/TwitterDemo.app/$(BUNDLE_EXECUTABLE_FOLDER_PATH)/TwitterDemo";
			};
			name = Debug;
		};
		2A4D09F12AEFBF9F00452D22 /* Release */ = {
			isa = XCBuildConfiguration;
			baseConfigurationReference = E830F35AD0D2B658FAEED15D /* Pods-TwitterDemoTests.release.xcconfig */;
			buildSettings = {
				ALWAYS_EMBED_SWIFT_STANDARD_LIBRARIES = YES;
				BUNDLE_LOADER = "$(TEST_HOST)";
				CODE_SIGN_STYLE = Automatic;
				CURRENT_PROJECT_VERSION = 1;
				DEVELOPMENT_TEAM = RWLMH57KL5;
				GENERATE_INFOPLIST_FILE = YES;
				IPHONEOS_DEPLOYMENT_TARGET = 16.2;
				MARKETING_VERSION = 1.0;
				PRODUCT_BUNDLE_IDENTIFIER = com.demo.TwitterDemoTests;
				PRODUCT_NAME = "$(TARGET_NAME)";
				SWIFT_EMIT_LOC_STRINGS = NO;
				SWIFT_VERSION = 5.0;
				TARGETED_DEVICE_FAMILY = "1,2";
				TEST_HOST = "$(BUILT_PRODUCTS_DIR)/TwitterDemo.app/$(BUNDLE_EXECUTABLE_FOLDER_PATH)/TwitterDemo";
			};
			name = Release;
		};
		2A4D09F32AEFBF9F00452D22 /* Debug */ = {
			isa = XCBuildConfiguration;
			baseConfigurationReference = 03BC7DBCFA38D3FDC5C7EA76 /* Pods-TwitterDemo-TwitterDemoUITests.debug.xcconfig */;
			buildSettings = {
				ALWAYS_EMBED_SWIFT_STANDARD_LIBRARIES = YES;
				CODE_SIGN_STYLE = Automatic;
				CURRENT_PROJECT_VERSION = 1;
				DEVELOPMENT_TEAM = RWLMH57KL5;
				GENERATE_INFOPLIST_FILE = YES;
				MARKETING_VERSION = 1.0;
				PRODUCT_BUNDLE_IDENTIFIER = com.demo.TwitterDemoUITests;
				PRODUCT_NAME = "$(TARGET_NAME)";
				SWIFT_EMIT_LOC_STRINGS = NO;
				SWIFT_VERSION = 5.0;
				TARGETED_DEVICE_FAMILY = "1,2";
				TEST_TARGET_NAME = TwitterDemo;
			};
			name = Debug;
		};
		2A4D09F42AEFBF9F00452D22 /* Release */ = {
			isa = XCBuildConfiguration;
			baseConfigurationReference = 4F7300440B4DF82CB48E06B4 /* Pods-TwitterDemo-TwitterDemoUITests.release.xcconfig */;
			buildSettings = {
				ALWAYS_EMBED_SWIFT_STANDARD_LIBRARIES = YES;
				CODE_SIGN_STYLE = Automatic;
				CURRENT_PROJECT_VERSION = 1;
				DEVELOPMENT_TEAM = RWLMH57KL5;
				GENERATE_INFOPLIST_FILE = YES;
				MARKETING_VERSION = 1.0;
				PRODUCT_BUNDLE_IDENTIFIER = com.demo.TwitterDemoUITests;
				PRODUCT_NAME = "$(TARGET_NAME)";
				SWIFT_EMIT_LOC_STRINGS = NO;
				SWIFT_VERSION = 5.0;
				TARGETED_DEVICE_FAMILY = "1,2";
				TEST_TARGET_NAME = TwitterDemo;
			};
			name = Release;
		};
/* End XCBuildConfiguration section */

/* Begin XCConfigurationList section */
		2A4D09BD2AEFBF9E00452D22 /* Build configuration list for PBXProject "TwitterDemo" */ = {
			isa = XCConfigurationList;
			buildConfigurations = (
				2A4D09EA2AEFBF9F00452D22 /* Debug */,
				2A4D09EB2AEFBF9F00452D22 /* Release */,
			);
			defaultConfigurationIsVisible = 0;
			defaultConfigurationName = Release;
		};
		2A4D09EC2AEFBF9F00452D22 /* Build configuration list for PBXNativeTarget "TwitterDemo" */ = {
			isa = XCConfigurationList;
			buildConfigurations = (
				2A4D09ED2AEFBF9F00452D22 /* Debug */,
				2A4D09EE2AEFBF9F00452D22 /* Release */,
			);
			defaultConfigurationIsVisible = 0;
			defaultConfigurationName = Release;
		};
		2A4D09EF2AEFBF9F00452D22 /* Build configuration list for PBXNativeTarget "TwitterDemoTests" */ = {
			isa = XCConfigurationList;
			buildConfigurations = (
				2A4D09F02AEFBF9F00452D22 /* Debug */,
				2A4D09F12AEFBF9F00452D22 /* Release */,
			);
			defaultConfigurationIsVisible = 0;
			defaultConfigurationName = Release;
		};
		2A4D09F22AEFBF9F00452D22 /* Build configuration list for PBXNativeTarget "TwitterDemoUITests" */ = {
			isa = XCConfigurationList;
			buildConfigurations = (
				2A4D09F32AEFBF9F00452D22 /* Debug */,
				2A4D09F42AEFBF9F00452D22 /* Release */,
			);
			defaultConfigurationIsVisible = 0;
			defaultConfigurationName = Release;
		};
/* End XCConfigurationList section */
	};
	rootObject = 2A4D09BA2AEFBF9E00452D22 /* Project object */;
}
